hash: 2462294f70bf9071a0ed24133bb3c2451e95f4a4b488a1af1c4632b8cad1bacf
updated: 2017-02-18T20:46:59.449420113-05:00
imports:
- name: github.com/inconshreveable/mousetrap
  version: 76626ae9c91c4f2a10f34cad8ce83ea42c93bb75
- name: github.com/spf13/cobra
  version: ee4055870c2d5f7ce112642377e32c9929c3bbaf
- name: github.com/spf13/pflag
  version: 103ce5cd2042f2fe629c1957abb64ab3e7f50235
testImports: []
