hash: edd0b08c5c71b7ecb3c00869d695859510191b3d6024182572335157419d8509
updated: 2017-05-20T18:43:32.525911422-04:00
imports:
- name: github.com/golang/glog
  version: 23def4e6c14b4da8ac2ed8007337bc5eb5007998
- name: github.com/gorilla/websocket
  version: 3f3e394da2b801fbe732a935ef40724762a67a07
- name: github.com/graphql-go/graphql
  version: fe52096df4714b0c66bd7921ade11c976acb51a2
  subpackages:
  - gqlerrors
  - language/ast
  - language/kinds
  - language/lexer
  - language/location
  - language/parser
  - language/printer
  - language/source
  - language/typeInfo
  - language/visitor
- name: github.com/graphql-go/graphql-go-handler
  version: 07e3dd439c1f4ec14e685af7c48e8863bcc42c9d
- name: github.com/graphql-go/handler
  version: 07e3dd439c1f4ec14e685af7c48e8863bcc42c9d
- name: github.com/inconshreveable/mousetrap
  version: 76626ae9c91c4f2a10f34cad8ce83ea42c93bb75
- name: github.com/mattn/go-sqlite3
  version: eac1dfa2a61ebccaa117538a5bb12044f6700cd0
- name: github.com/pkg/errors
  version: 248dadf4e9068a0b3e79f02ed0a610d935de5302
- name: github.com/pressly/chi
  version: 5917107c1cecb42eb3dbca2246b160285562799b
- name: github.com/spf13/cobra
  version: ee4055870c2d5f7ce112642377e32c9929c3bbaf
- name: github.com/spf13/pflag
  version: 103ce5cd2042f2fe629c1957abb64ab3e7f50235
- name: golang.org/x/net
  version: a6577fac2d73be281a500b310739095313165611
  subpackages:
  - context
testImports: []
